
Microsoft Visual Studio Solution File, Format Version 12.00
# Visual Studio Version 17
VisualStudioVersion = 17.0.31903.59
MinimumVisualStudioVersion = 10.0.40219.1
Project("{2150E333-8FDC-42A3-9474-1A3956D46DE8}") = "src", "src", "{827E0CD3-B72D-47B6-A68D-7590B98EB39B}"
EndProject
Project("{FAE04EC0-301F-11D3-BF4B-00C04F79EFBC}") = "web", "src\web\web.csproj", "{991F109A-68D2-4535-B385-F6030E9FAC7E}"
EndProject
Project("{FAE04EC0-301F-11D3-BF4B-00C04F79EFBC}") = "api", "src\api\api.csproj", "{45BF6A80-DF60-4618-B1FB-46093CDB52C1}"
EndProject
Project("{FAE04EC0-301F-11D3-BF4B-00C04F79EFBC}") = "test", "src\test\test.csproj", "{2BE1685C-3B9E-4C51-8ABE-430F1C730FDA}"
EndProject
Global
	GlobalSection(SolutionConfigurationPlatforms) = preSolution
		Debug|Any CPU = Debug|Any CPU
		Debug|x64 = Debug|x64
		Debug|x86 = Debug|x86
		Release|Any CPU = Release|Any CPU
		Release|x64 = Release|x64
		Release|x86 = Release|x86
	EndGlobalSection
	GlobalSection(ProjectConfigurationPlatforms) = postSolution
		{991F109A-68D2-4535-B385-F6030E9FAC7E}.Debug|Any CPU.ActiveCfg = Debug|Any CPU
		{991F109A-68D2-4535-B385-F6030E9FAC7E}.Debug|Any CPU.Build.0 = Debug|Any CPU
		{991F109A-68D2-4535-B385-F6030E9FAC7E}.Debug|x64.ActiveCfg = Debug|Any CPU
		{991F109A-68D2-4535-B385-F6030E9FAC7E}.Debug|x64.Build.0 = Debug|Any CPU
		{991F109A-68D2-4535-B385-F6030E9FAC7E}.Debug|x86.ActiveCfg = Debug|Any CPU
		{991F109A-68D2-4535-B385-F6030E9FAC7E}.Debug|x86.Build.0 = Debug|Any CPU
		{991F109A-68D2-4535-B385-F6030E9FAC7E}.Release|Any CPU.ActiveCfg = Release|Any CPU
		{991F109A-68D2-4535-B385-F6030E9FAC7E}.Release|Any CPU.Build.0 = Release|Any CPU
		{991F109A-68D2-4535-B385-F6030E9FAC7E}.Release|x64.ActiveCfg = Release|Any CPU
		{991F109A-68D2-4535-B385-F6030E9FAC7E}.Release|x64.Build.0 = Release|Any CPU
		{991F109A-68D2-4535-B385-F6030E9FAC7E}.Release|x86.ActiveCfg = Release|Any CPU
		{991F109A-68D2-4535-B385-F6030E9FAC7E}.Release|x86.Build.0 = Release|Any CPU
		{45BF6A80-DF60-4618-B1FB-46093CDB52C1}.Debug|Any CPU.ActiveCfg = Debug|Any CPU
		{45BF6A80-DF60-4618-B1FB-46093CDB52C1}.Debug|Any CPU.Build.0 = Debug|Any CPU
		{45BF6A80-DF60-4618-B1FB-46093CDB52C1}.Debug|x64.ActiveCfg = Debug|Any CPU
		{45BF6A80-DF60-4618-B1FB-46093CDB52C1}.Debug|x64.Build.0 = Debug|Any CPU
		{45BF6A80-DF60-4618-B1FB-46093CDB52C1}.Debug|x86.ActiveCfg = Debug|Any CPU
		{45BF6A80-DF60-4618-B1FB-46093CDB52C1}.Debug|x86.Build.0 = Debug|Any CPU
		{45BF6A80-DF60-4618-B1FB-46093CDB52C1}.Release|Any CPU.ActiveCfg = Release|Any CPU
		{45BF6A80-DF60-4618-B1FB-46093CDB52C1}.Release|Any CPU.Build.0 = Release|Any CPU
		{45BF6A80-DF60-4618-B1FB-46093CDB52C1}.Release|x64.ActiveCfg = Release|Any CPU
		{45BF6A80-DF60-4618-B1FB-46093CDB52C1}.Release|x64.Build.0 = Release|Any CPU
		{45BF6A80-DF60-4618-B1FB-46093CDB52C1}.Release|x86.ActiveCfg = Release|Any CPU
		{45BF6A80-DF60-4618-B1FB-46093CDB52C1}.Release|x86.Build.0 = Release|Any CPU
		{2BE1685C-3B9E-4C51-8ABE-430F1C730FDA}.Debug|Any CPU.ActiveCfg = Debug|Any CPU
		{2BE1685C-3B9E-4C51-8ABE-430F1C730FDA}.Debug|Any CPU.Build.0 = Debug|Any CPU
		{2BE1685C-3B9E-4C51-8ABE-430F1C730FDA}.Debug|x64.ActiveCfg = Debug|Any CPU
		{2BE1685C-3B9E-4C51-8ABE-430F1C730FDA}.Debug|x64.Build.0 = Debug|Any CPU
		{2BE1685C-3B9E-4C51-8ABE-430F1C730FDA}.Debug|x86.ActiveCfg = Debug|Any CPU
		{2BE1685C-3B9E-4C51-8ABE-430F1C730FDA}.Debug|x86.Build.0 = Debug|Any CPU
		{2BE1685C-3B9E-4C51-8ABE-430F1C730FDA}.Release|Any CPU.ActiveCfg = Release|Any CPU
		{2BE1685C-3B9E-4C51-8ABE-430F1C730FDA}.Release|Any CPU.Build.0 = Release|Any CPU
		{2BE1685C-3B9E-4C51-8ABE-430F1C730FDA}.Release|x64.ActiveCfg = Release|Any CPU
		{2BE1685C-3B9E-4C51-8ABE-430F1C730FDA}.Release|x64.Build.0 = Release|Any CPU
		{2BE1685C-3B9E-4C51-8ABE-430F1C730FDA}.Release|x86.ActiveCfg = Release|Any CPU
		{2BE1685C-3B9E-4C51-8ABE-430F1C730FDA}.Release|x86.Build.0 = Release|Any CPU
	EndGlobalSection
	GlobalSection(SolutionProperties) = preSolution
		HideSolutionNode = FALSE
	EndGlobalSection
	GlobalSection(NestedProjects) = preSolution
		{991F109A-68D2-4535-B385-F6030E9FAC7E} = {827E0CD3-B72D-47B6-A68D-7590B98EB39B}
		{45BF6A80-DF60-4618-B1FB-46093CDB52C1} = {827E0CD3-B72D-47B6-A68D-7590B98EB39B}
		{2BE1685C-3B9E-4C51-8ABE-430F1C730FDA} = {827E0CD3-B72D-47B6-A68D-7590B98EB39B}
	EndGlobalSection
EndGlobal
